
Microsoft Visual Studio Solution File, Format Version 12.00
# Visual Studio Version 17
VisualStudioVersion = 17.0.32126.317
MinimumVisualStudioVersion = 10.0.40219.1
Project("{FAE04EC0-301F-11D3-BF4B-00C04F79EFBC}") = "InvenManagement2", "InvenManagement2.csproj", "{410B9582-4AEB-4245-A87E-BF6D650E9E9E}"
EndProject
Global
	GlobalSection(SolutionConfigurationPlatforms) = preSolution
		Debug|Any CPU = Debug|Any CPU
		Release|Any CPU = Release|Any CPU
	EndGlobalSection
	GlobalSection(ProjectConfigurationPlatforms) = postSolution
		{410B9582-4AEB-4245-A87E-BF6D650E9E9E}.Debug|Any CPU.ActiveCfg = Debug|Any CPU
		{410B9582-4AEB-4245-A87E-BF6D650E9E9E}.Debug|Any CPU.Build.0 = Debug|Any CPU
		{410B9582-4AEB-4245-A87E-BF6D650E9E9E}.Release|Any CPU.ActiveCfg = Release|Any CPU
		{410B9582-4AEB-4245-A87E-BF6D650E9E9E}.Release|Any CPU.Build.0 = Release|Any CPU
	EndGlobalSection
	GlobalSection(SolutionProperties) = preSolution
		HideSolutionNode = FALSE
	EndGlobalSection
	GlobalSection(ExtensibilityGlobals) = postSolution
		SolutionGuid = {6E9467EF-BF6B-4341-A53E-3085B5DBC10F}
	EndGlobalSection
EndGlobal
